
Microsoft Visual Studio Solution File, Format Version 12.00
# Visual Studio Version 17
VisualStudioVersion = 17.6.33829.357
MinimumVisualStudioVersion = 10.0.40219.1
Project("{9A19103F-16F7-4668-BE54-9A1E7A4F7556}") = "Core", "Core\Core.csproj", "{78E56E02-3AD0-49AE-A748-31C7357F3046}"
EndProject
Project("{9A19103F-16F7-4668-BE54-9A1E7A4F7556}") = "MSSQL", "MSSQL\MSSQL.csproj", "{94129CB9-36F3-442D-B596-297DC1F6C080}"
EndProject
Project("{9A19103F-16F7-4668-BE54-9A1E7A4F7556}") = "InfluxDB", "InfluxDB\InfluxDB.csproj", "{5B99FBBA-D9DA-4FBF-80B8-265B780956A9}"
EndProject
Project("{9A19103F-16F7-4668-BE54-9A1E7A4F7556}") = "InfluxDB_DataLoader", "InfluxDB_DataLoader\InfluxDB_DataLoader.csproj", "{E73755EF-0D64-4807-A31A-F50D13FC2434}"
EndProject
Project("{2150E333-8FDC-42A3-9474-1A3956D46DE8}") = "Solution Items", "Solution Items", "{60D84611-E2E3-4FED-BC66-804F4EC44440}"
	ProjectSection(SolutionItems) = preProject
		.gitignore = .gitignore
	EndProjectSection
EndProject
Project("{9A19103F-16F7-4668-BE54-9A1E7A4F7556}") = "TestRunner", "TestRunner\TestRunner.csproj", "{4B699FCC-9B34-4B7E-9B24-34B9E6F8F78E}"
EndProject
Project("{9A19103F-16F7-4668-BE54-9A1E7A4F7556}") = "TimeScaleDB", "TimeScaleDB\TimeScaleDB.csproj", "{24D71518-C542-45BF-B239-BEB02E73B1B1}"
EndProject
Project("{FAE04EC0-301F-11D3-BF4B-00C04F79EFBC}") = "CLI.TestRunner", "CLI.TestRunner\CLI.TestRunner.csproj", "{B06BA54E-E0D1-42DC-BEDC-6207E346AB5B}"
EndProject
Global
	GlobalSection(SolutionConfigurationPlatforms) = preSolution
		Debug|Any CPU = Debug|Any CPU
		Release|Any CPU = Release|Any CPU
	EndGlobalSection
	GlobalSection(ProjectConfigurationPlatforms) = postSolution
		{78E56E02-3AD0-49AE-A748-31C7357F3046}.Debug|Any CPU.ActiveCfg = Debug|Any CPU
		{78E56E02-3AD0-49AE-A748-31C7357F3046}.Debug|Any CPU.Build.0 = Debug|Any CPU
		{78E56E02-3AD0-49AE-A748-31C7357F3046}.Release|Any CPU.ActiveCfg = Release|Any CPU
		{78E56E02-3AD0-49AE-A748-31C7357F3046}.Release|Any CPU.Build.0 = Release|Any CPU
		{94129CB9-36F3-442D-B596-297DC1F6C080}.Debug|Any CPU.ActiveCfg = Debug|Any CPU
		{94129CB9-36F3-442D-B596-297DC1F6C080}.Debug|Any CPU.Build.0 = Debug|Any CPU
		{94129CB9-36F3-442D-B596-297DC1F6C080}.Release|Any CPU.ActiveCfg = Release|Any CPU
		{94129CB9-36F3-442D-B596-297DC1F6C080}.Release|Any CPU.Build.0 = Release|Any CPU
		{5B99FBBA-D9DA-4FBF-80B8-265B780956A9}.Debug|Any CPU.ActiveCfg = Debug|Any CPU
		{5B99FBBA-D9DA-4FBF-80B8-265B780956A9}.Debug|Any CPU.Build.0 = Debug|Any CPU
		{5B99FBBA-D9DA-4FBF-80B8-265B780956A9}.Release|Any CPU.ActiveCfg = Release|Any CPU
		{5B99FBBA-D9DA-4FBF-80B8-265B780956A9}.Release|Any CPU.Build.0 = Release|Any CPU
		{E73755EF-0D64-4807-A31A-F50D13FC2434}.Debug|Any CPU.ActiveCfg = Debug|Any CPU
		{E73755EF-0D64-4807-A31A-F50D13FC2434}.Debug|Any CPU.Build.0 = Debug|Any CPU
		{E73755EF-0D64-4807-A31A-F50D13FC2434}.Release|Any CPU.ActiveCfg = Release|Any CPU
		{E73755EF-0D64-4807-A31A-F50D13FC2434}.Release|Any CPU.Build.0 = Release|Any CPU
		{4B699FCC-9B34-4B7E-9B24-34B9E6F8F78E}.Debug|Any CPU.ActiveCfg = Debug|Any CPU
		{4B699FCC-9B34-4B7E-9B24-34B9E6F8F78E}.Debug|Any CPU.Build.0 = Debug|Any CPU
		{4B699FCC-9B34-4B7E-9B24-34B9E6F8F78E}.Release|Any CPU.ActiveCfg = Release|Any CPU
		{4B699FCC-9B34-4B7E-9B24-34B9E6F8F78E}.Release|Any CPU.Build.0 = Release|Any CPU
		{24D71518-C542-45BF-B239-BEB02E73B1B1}.Debug|Any CPU.ActiveCfg = Debug|Any CPU
		{24D71518-C542-45BF-B239-BEB02E73B1B1}.Debug|Any CPU.Build.0 = Debug|Any CPU
		{24D71518-C542-45BF-B239-BEB02E73B1B1}.Release|Any CPU.ActiveCfg = Release|Any CPU
		{24D71518-C542-45BF-B239-BEB02E73B1B1}.Release|Any CPU.Build.0 = Release|Any CPU
		{B06BA54E-E0D1-42DC-BEDC-6207E346AB5B}.Debug|Any CPU.ActiveCfg = Debug|Any CPU
		{B06BA54E-E0D1-42DC-BEDC-6207E346AB5B}.Debug|Any CPU.Build.0 = Debug|Any CPU
		{B06BA54E-E0D1-42DC-BEDC-6207E346AB5B}.Release|Any CPU.ActiveCfg = Release|Any CPU
		{B06BA54E-E0D1-42DC-BEDC-6207E346AB5B}.Release|Any CPU.Build.0 = Release|Any CPU
	EndGlobalSection
	GlobalSection(SolutionProperties) = preSolution
		HideSolutionNode = FALSE
	EndGlobalSection
	GlobalSection(ExtensibilityGlobals) = postSolution
		SolutionGuid = {88A847C5-50F1-4684-B164-768288CF5EFD}
	EndGlobalSection
EndGlobal
